
Microsoft Visual Studio Solution File, Format Version 12.00
# Visual Studio Version 17
VisualStudioVersion = 17.0.32014.148
MinimumVisualStudioVersion = 10.0.40219.1
Project("{FAE04EC0-301F-11D3-BF4B-00C04F79EFBC}") = "iProdWHSE", "iProdWHSE\iProdWHSE.csproj", "{C5C76165-87C0-4512-B1EA-E03423463DC0}"
EndProject
Project("{9A19103F-16F7-4668-BE54-9A1E7A4F7556}") = "iProd-DataModel", "..\iProd-DataModel\iProd-DataModel\iProd-DataModel.csproj", "{F7515417-A0EB-47AC-970A-7BC484632C53}"
EndProject
Project("{FAE04EC0-301F-11D3-BF4B-00C04F79EFBC}") = "ImageComboBox", "..\iProdSync\ImageComboBox\ImageComboBox\ImageComboBox.csproj", "{33D6FF5D-C30C-4976-B35D-98CDF7519BA0}"
EndProject
Global
	GlobalSection(SolutionConfigurationPlatforms) = preSolution
		Debug|Any CPU = Debug|Any CPU
		Release|Any CPU = Release|Any CPU
	EndGlobalSection
	GlobalSection(ProjectConfigurationPlatforms) = postSolution
		{C5C76165-87C0-4512-B1EA-E03423463DC0}.Debug|Any CPU.ActiveCfg = Debug|Any CPU
		{C5C76165-87C0-4512-B1EA-E03423463DC0}.Debug|Any CPU.Build.0 = Debug|Any CPU
		{C5C76165-87C0-4512-B1EA-E03423463DC0}.Release|Any CPU.ActiveCfg = Release|Any CPU
		{C5C76165-87C0-4512-B1EA-E03423463DC0}.Release|Any CPU.Build.0 = Release|Any CPU
		{F7515417-A0EB-47AC-970A-7BC484632C53}.Debug|Any CPU.ActiveCfg = Debug|Any CPU
		{F7515417-A0EB-47AC-970A-7BC484632C53}.Debug|Any CPU.Build.0 = Debug|Any CPU
		{F7515417-A0EB-47AC-970A-7BC484632C53}.Release|Any CPU.ActiveCfg = Release|Any CPU
		{F7515417-A0EB-47AC-970A-7BC484632C53}.Release|Any CPU.Build.0 = Release|Any CPU
		{33D6FF5D-C30C-4976-B35D-98CDF7519BA0}.Debug|Any CPU.ActiveCfg = Debug|Any CPU
		{33D6FF5D-C30C-4976-B35D-98CDF7519BA0}.Debug|Any CPU.Build.0 = Debug|Any CPU
		{33D6FF5D-C30C-4976-B35D-98CDF7519BA0}.Release|Any CPU.ActiveCfg = Release|Any CPU
		{33D6FF5D-C30C-4976-B35D-98CDF7519BA0}.Release|Any CPU.Build.0 = Release|Any CPU
	EndGlobalSection
	GlobalSection(SolutionProperties) = preSolution
		HideSolutionNode = FALSE
	EndGlobalSection
	GlobalSection(ExtensibilityGlobals) = postSolution
		SolutionGuid = {1BD7944E-89F0-4124-ADEF-A558BFF1D4E0}
	EndGlobalSection
EndGlobal
